<?xml version="1.0" encoding="utf-8"?>
<Project ToolsVersion="4.0" xmlns="http://schemas.microsoft.com/developer/msbuild/2003">
  <ItemGroup>
    <Filter Include="src">
      <UniqueIdentifier>{1794b0e2-6aaf-4a95-89a1-f39e63899eee}</UniqueIdentifier>
    </Filter>
  </ItemGroup>
  <ItemGroup>
    <ClCompile Include="configfileexception.cpp">
      <Filter>src</Filter>
    </ClCompile>
    <ClCompile Include="configreader.cpp">
      <Filter>src</Filter>
    </ClCompile>
    <ClCompile Include="configsaxhandler.cpp">
      <Filter>src</Filter>
    </ClCompile>
    <ClCompile Include="dhapikeypermissionexception.cpp">
      <Filter>src</Filter>
    </ClCompile>
    <ClCompile Include="dhapirecordnotfoundexception.cpp">
      <Filter>src</Filter>
    </ClCompile>
    <ClCompile Include="dhsaxhandler.cpp">
      <Filter>src</Filter>
    </ClCompile>
    <ClCompile Include="dhxmlreader.cpp">
      <Filter>src</Filter>
    </ClCompile>
    <ClCompile Include="httpclient.cpp">
      <Filter>src</Filter>
    </ClCompile>
    <ClCompile Include="httpclientexception.cpp">
      <Filter>src</Filter>
    </ClCompile>
    <ClCompile Include="malformedxmlexception.cpp">
      <Filter>src</Filter>
    </ClCompile>
    <ClCompile Include="parameters.cpp">
      <Filter>src</Filter>
    </ClCompile>
    <ClCompile Include="util.cpp">
      <Filter>src</Filter>
    </ClCompile>
  </ItemGroup>
  <ItemGroup>
    <ClInclude Include="configfileexception.hpp">
      <Filter>src</Filter>
    </ClInclude>
    <ClInclude Include="configreader.hpp">
      <Filter>src</Filter>
    </ClInclude>
    <ClInclude Include="configsaxhandler.hpp">
      <Filter>src</Filter>
    </ClInclude>
    <ClInclude Include="dhapikeypermissionexception.hpp">
      <Filter>src</Filter>
    </ClInclude>
    <ClInclude Include="dhapirecordnotfoundexception.hpp">
      <Filter>src</Filter>
    </ClInclude>
    <ClInclude Include="dhsaxhandler.hpp">
      <Filter>src</Filter>
    </ClInclude>
    <ClInclude Include="dhxmlreader.hpp">
      <Filter>src</Filter>
    </ClInclude>
    <ClInclude Include="dnsrecord.hpp">
      <Filter>src</Filter>
    </ClInclude>
    <ClInclude Include="httpclient.hpp">
      <Filter>src</Filter>
    </ClInclude>
    <ClInclude Include="httpclientexception.hpp">
      <Filter>src</Filter>
    </ClInclude>
    <ClInclude Include="malformedxmlexception.hpp">
      <Filter>src</Filter>
    </ClInclude>
    <ClInclude Include="parameters.hpp">
      <Filter>src</Filter>
    </ClInclude>
    <ClInclude Include="util.hpp">
      <Filter>src</Filter>
    </ClInclude>
  </ItemGroup>
</Project>