
Microsoft Visual Studio Solution File, Format Version 12.00
# Visual Studio 15
VisualStudioVersion = 15.0.28307.645
MinimumVisualStudioVersion = 10.0.40219.1
Project("{9A19103F-16F7-4668-BE54-9A1E7A4F7556}") = "DreamhostApi.Test", "DreamhostApi.Test\DreamhostApi.Test.csproj", "{AA2F0FE5-7051-4BB2-B6DF-290EA161F48A}"
EndProject
Project("{9A19103F-16F7-4668-BE54-9A1E7A4F7556}") = "Dreamhost.Api", "Dreamhost.Api\Dreamhost.Api.csproj", "{077C02EB-0455-4FE5-9343-93B80E873C9A}"
EndProject
Project("{9A19103F-16F7-4668-BE54-9A1E7A4F7556}") = "DnsClientServiceAgent", "DnsClientServiceAgent\DnsClientServiceAgent.csproj", "{31C401AE-AF90-4B94-85A7-06C4CC938F99}"
EndProject
Project("{9A19103F-16F7-4668-BE54-9A1E7A4F7556}") = "DreamhostDnsApiTestApp", "DreamhostDnsApiTestApp\DreamhostDnsApiTestApp.csproj", "{5B0E6644-5841-44DD-B796-87F3160666A5}"
EndProject
Project("{8BC9CEB8-8B4A-11D0-8D11-00A0C91BC942}") = "DHDynDNSAgent", "..\Linux\DHDynDNSAgent\DHDynDNSAgent\DHDynDNSAgent.vcxproj", "{BC50A642-6551-4B7F-AA98-3085E99A6B5B}"
EndProject
Project("{8BC9CEB8-8B4A-11D0-8D11-00A0C91BC942}") = "SleepyLib", "..\Linux\SleepyLib\LibSleepy.vcxproj", "{143F9F49-6F51-4472-B0BC-346150A86782}"
EndProject
Project("{2150E333-8FDC-42A3-9474-1A3956D46DE8}") = "Linux", "Linux", "{008C4B23-425D-49F8-98DB-2A6C14730044}"
EndProject
Global
	GlobalSection(SolutionConfigurationPlatforms) = preSolution
		Debug|Any CPU = Debug|Any CPU
		Debug|ARM = Debug|ARM
		Debug|ARM64 = Debug|ARM64
		Debug|x64 = Debug|x64
		Debug|x86 = Debug|x86
		Release|Any CPU = Release|Any CPU
		Release|ARM = Release|ARM
		Release|ARM64 = Release|ARM64
		Release|x64 = Release|x64
		Release|x86 = Release|x86
	EndGlobalSection
	GlobalSection(ProjectConfigurationPlatforms) = postSolution
		{AA2F0FE5-7051-4BB2-B6DF-290EA161F48A}.Debug|Any CPU.ActiveCfg = Debug|Any CPU
		{AA2F0FE5-7051-4BB2-B6DF-290EA161F48A}.Debug|Any CPU.Build.0 = Debug|Any CPU
		{AA2F0FE5-7051-4BB2-B6DF-290EA161F48A}.Debug|ARM.ActiveCfg = Debug|Any CPU
		{AA2F0FE5-7051-4BB2-B6DF-290EA161F48A}.Debug|ARM.Build.0 = Debug|Any CPU
		{AA2F0FE5-7051-4BB2-B6DF-290EA161F48A}.Debug|ARM64.ActiveCfg = Debug|Any CPU
		{AA2F0FE5-7051-4BB2-B6DF-290EA161F48A}.Debug|ARM64.Build.0 = Debug|Any CPU
		{AA2F0FE5-7051-4BB2-B6DF-290EA161F48A}.Debug|x64.ActiveCfg = Debug|Any CPU
		{AA2F0FE5-7051-4BB2-B6DF-290EA161F48A}.Debug|x64.Build.0 = Debug|Any CPU
		{AA2F0FE5-7051-4BB2-B6DF-290EA161F48A}.Debug|x86.ActiveCfg = Debug|Any CPU
		{AA2F0FE5-7051-4BB2-B6DF-290EA161F48A}.Debug|x86.Build.0 = Debug|Any CPU
		{AA2F0FE5-7051-4BB2-B6DF-290EA161F48A}.Release|Any CPU.ActiveCfg = Release|Any CPU
		{AA2F0FE5-7051-4BB2-B6DF-290EA161F48A}.Release|Any CPU.Build.0 = Release|Any CPU
		{AA2F0FE5-7051-4BB2-B6DF-290EA161F48A}.Release|ARM.ActiveCfg = Release|Any CPU
		{AA2F0FE5-7051-4BB2-B6DF-290EA161F48A}.Release|ARM.Build.0 = Release|Any CPU
		{AA2F0FE5-7051-4BB2-B6DF-290EA161F48A}.Release|ARM64.ActiveCfg = Release|Any CPU
		{AA2F0FE5-7051-4BB2-B6DF-290EA161F48A}.Release|ARM64.Build.0 = Release|Any CPU
		{AA2F0FE5-7051-4BB2-B6DF-290EA161F48A}.Release|x64.ActiveCfg = Release|Any CPU
		{AA2F0FE5-7051-4BB2-B6DF-290EA161F48A}.Release|x64.Build.0 = Release|Any CPU
		{AA2F0FE5-7051-4BB2-B6DF-290EA161F48A}.Release|x86.ActiveCfg = Release|Any CPU
		{AA2F0FE5-7051-4BB2-B6DF-290EA161F48A}.Release|x86.Build.0 = Release|Any CPU
		{077C02EB-0455-4FE5-9343-93B80E873C9A}.Debug|Any CPU.ActiveCfg = Debug|Any CPU
		{077C02EB-0455-4FE5-9343-93B80E873C9A}.Debug|Any CPU.Build.0 = Debug|Any CPU
		{077C02EB-0455-4FE5-9343-93B80E873C9A}.Debug|ARM.ActiveCfg = Debug|Any CPU
		{077C02EB-0455-4FE5-9343-93B80E873C9A}.Debug|ARM.Build.0 = Debug|Any CPU
		{077C02EB-0455-4FE5-9343-93B80E873C9A}.Debug|ARM64.ActiveCfg = Debug|Any CPU
		{077C02EB-0455-4FE5-9343-93B80E873C9A}.Debug|ARM64.Build.0 = Debug|Any CPU
		{077C02EB-0455-4FE5-9343-93B80E873C9A}.Debug|x64.ActiveCfg = Debug|Any CPU
		{077C02EB-0455-4FE5-9343-93B80E873C9A}.Debug|x64.Build.0 = Debug|Any CPU
		{077C02EB-0455-4FE5-9343-93B80E873C9A}.Debug|x86.ActiveCfg = Debug|Any CPU
		{077C02EB-0455-4FE5-9343-93B80E873C9A}.Debug|x86.Build.0 = Debug|Any CPU
		{077C02EB-0455-4FE5-9343-93B80E873C9A}.Release|Any CPU.ActiveCfg = Release|Any CPU
		{077C02EB-0455-4FE5-9343-93B80E873C9A}.Release|Any CPU.Build.0 = Release|Any CPU
		{077C02EB-0455-4FE5-9343-93B80E873C9A}.Release|ARM.ActiveCfg = Release|Any CPU
		{077C02EB-0455-4FE5-9343-93B80E873C9A}.Release|ARM.Build.0 = Release|Any CPU
		{077C02EB-0455-4FE5-9343-93B80E873C9A}.Release|ARM64.ActiveCfg = Release|Any CPU
		{077C02EB-0455-4FE5-9343-93B80E873C9A}.Release|ARM64.Build.0 = Release|Any CPU
		{077C02EB-0455-4FE5-9343-93B80E873C9A}.Release|x64.ActiveCfg = Release|Any CPU
		{077C02EB-0455-4FE5-9343-93B80E873C9A}.Release|x64.Build.0 = Release|Any CPU
		{077C02EB-0455-4FE5-9343-93B80E873C9A}.Release|x86.ActiveCfg = Release|Any CPU
		{077C02EB-0455-4FE5-9343-93B80E873C9A}.Release|x86.Build.0 = Release|Any CPU
		{31C401AE-AF90-4B94-85A7-06C4CC938F99}.Debug|Any CPU.ActiveCfg = Debug|Any CPU
		{31C401AE-AF90-4B94-85A7-06C4CC938F99}.Debug|Any CPU.Build.0 = Debug|Any CPU
		{31C401AE-AF90-4B94-85A7-06C4CC938F99}.Debug|ARM.ActiveCfg = Debug|Any CPU
		{31C401AE-AF90-4B94-85A7-06C4CC938F99}.Debug|ARM.Build.0 = Debug|Any CPU
		{31C401AE-AF90-4B94-85A7-06C4CC938F99}.Debug|ARM64.ActiveCfg = Debug|Any CPU
		{31C401AE-AF90-4B94-85A7-06C4CC938F99}.Debug|ARM64.Build.0 = Debug|Any CPU
		{31C401AE-AF90-4B94-85A7-06C4CC938F99}.Debug|x64.ActiveCfg = Debug|Any CPU
		{31C401AE-AF90-4B94-85A7-06C4CC938F99}.Debug|x64.Build.0 = Debug|Any CPU
		{31C401AE-AF90-4B94-85A7-06C4CC938F99}.Debug|x86.ActiveCfg = Debug|Any CPU
		{31C401AE-AF90-4B94-85A7-06C4CC938F99}.Debug|x86.Build.0 = Debug|Any CPU
		{31C401AE-AF90-4B94-85A7-06C4CC938F99}.Release|Any CPU.ActiveCfg = Release|Any CPU
		{31C401AE-AF90-4B94-85A7-06C4CC938F99}.Release|Any CPU.Build.0 = Release|Any CPU
		{31C401AE-AF90-4B94-85A7-06C4CC938F99}.Release|ARM.ActiveCfg = Release|Any CPU
		{31C401AE-AF90-4B94-85A7-06C4CC938F99}.Release|ARM.Build.0 = Release|Any CPU
		{31C401AE-AF90-4B94-85A7-06C4CC938F99}.Release|ARM64.ActiveCfg = Release|Any CPU
		{31C401AE-AF90-4B94-85A7-06C4CC938F99}.Release|ARM64.Build.0 = Release|Any CPU
		{31C401AE-AF90-4B94-85A7-06C4CC938F99}.Release|x64.ActiveCfg = Release|Any CPU
		{31C401AE-AF90-4B94-85A7-06C4CC938F99}.Release|x64.Build.0 = Release|Any CPU
		{31C401AE-AF90-4B94-85A7-06C4CC938F99}.Release|x86.ActiveCfg = Release|Any CPU
		{31C401AE-AF90-4B94-85A7-06C4CC938F99}.Release|x86.Build.0 = Release|Any CPU
		{5B0E6644-5841-44DD-B796-87F3160666A5}.Debug|Any CPU.ActiveCfg = Debug|Any CPU
		{5B0E6644-5841-44DD-B796-87F3160666A5}.Debug|Any CPU.Build.0 = Debug|Any CPU
		{5B0E6644-5841-44DD-B796-87F3160666A5}.Debug|ARM.ActiveCfg = Debug|Any CPU
		{5B0E6644-5841-44DD-B796-87F3160666A5}.Debug|ARM.Build.0 = Debug|Any CPU
		{5B0E6644-5841-44DD-B796-87F3160666A5}.Debug|ARM64.ActiveCfg = Debug|Any CPU
		{5B0E6644-5841-44DD-B796-87F3160666A5}.Debug|ARM64.Build.0 = Debug|Any CPU
		{5B0E6644-5841-44DD-B796-87F3160666A5}.Debug|x64.ActiveCfg = Debug|Any CPU
		{5B0E6644-5841-44DD-B796-87F3160666A5}.Debug|x64.Build.0 = Debug|Any CPU
		{5B0E6644-5841-44DD-B796-87F3160666A5}.Debug|x86.ActiveCfg = Debug|Any CPU
		{5B0E6644-5841-44DD-B796-87F3160666A5}.Debug|x86.Build.0 = Debug|Any CPU
		{5B0E6644-5841-44DD-B796-87F3160666A5}.Release|Any CPU.ActiveCfg = Release|Any CPU
		{5B0E6644-5841-44DD-B796-87F3160666A5}.Release|Any CPU.Build.0 = Release|Any CPU
		{5B0E6644-5841-44DD-B796-87F3160666A5}.Release|ARM.ActiveCfg = Release|Any CPU
		{5B0E6644-5841-44DD-B796-87F3160666A5}.Release|ARM.Build.0 = Release|Any CPU
		{5B0E6644-5841-44DD-B796-87F3160666A5}.Release|ARM64.ActiveCfg = Release|Any CPU
		{5B0E6644-5841-44DD-B796-87F3160666A5}.Release|ARM64.Build.0 = Release|Any CPU
		{5B0E6644-5841-44DD-B796-87F3160666A5}.Release|x64.ActiveCfg = Release|Any CPU
		{5B0E6644-5841-44DD-B796-87F3160666A5}.Release|x64.Build.0 = Release|Any CPU
		{5B0E6644-5841-44DD-B796-87F3160666A5}.Release|x86.ActiveCfg = Release|Any CPU
		{5B0E6644-5841-44DD-B796-87F3160666A5}.Release|x86.Build.0 = Release|Any CPU
		{BC50A642-6551-4B7F-AA98-3085E99A6B5B}.Debug|Any CPU.ActiveCfg = Debug|x86
		{BC50A642-6551-4B7F-AA98-3085E99A6B5B}.Debug|ARM.ActiveCfg = Debug|ARM
		{BC50A642-6551-4B7F-AA98-3085E99A6B5B}.Debug|ARM.Build.0 = Debug|ARM
		{BC50A642-6551-4B7F-AA98-3085E99A6B5B}.Debug|ARM64.ActiveCfg = Debug|ARM64
		{BC50A642-6551-4B7F-AA98-3085E99A6B5B}.Debug|ARM64.Build.0 = Debug|ARM64
		{BC50A642-6551-4B7F-AA98-3085E99A6B5B}.Debug|x64.ActiveCfg = Debug|x64
		{BC50A642-6551-4B7F-AA98-3085E99A6B5B}.Debug|x64.Build.0 = Debug|x64
		{BC50A642-6551-4B7F-AA98-3085E99A6B5B}.Debug|x86.ActiveCfg = Debug|x86
		{BC50A642-6551-4B7F-AA98-3085E99A6B5B}.Debug|x86.Build.0 = Debug|x86
		{BC50A642-6551-4B7F-AA98-3085E99A6B5B}.Release|Any CPU.ActiveCfg = Release|x86
		{BC50A642-6551-4B7F-AA98-3085E99A6B5B}.Release|ARM.ActiveCfg = Release|ARM
		{BC50A642-6551-4B7F-AA98-3085E99A6B5B}.Release|ARM.Build.0 = Release|ARM
		{BC50A642-6551-4B7F-AA98-3085E99A6B5B}.Release|ARM64.ActiveCfg = Release|ARM64
		{BC50A642-6551-4B7F-AA98-3085E99A6B5B}.Release|ARM64.Build.0 = Release|ARM64
		{BC50A642-6551-4B7F-AA98-3085E99A6B5B}.Release|x64.ActiveCfg = Release|x64
		{BC50A642-6551-4B7F-AA98-3085E99A6B5B}.Release|x64.Build.0 = Release|x64
		{BC50A642-6551-4B7F-AA98-3085E99A6B5B}.Release|x86.ActiveCfg = Release|x86
		{BC50A642-6551-4B7F-AA98-3085E99A6B5B}.Release|x86.Build.0 = Release|x86
		{143F9F49-6F51-4472-B0BC-346150A86782}.Debug|Any CPU.ActiveCfg = Debug|x86
		{143F9F49-6F51-4472-B0BC-346150A86782}.Debug|ARM.ActiveCfg = Debug|ARM
		{143F9F49-6F51-4472-B0BC-346150A86782}.Debug|ARM.Build.0 = Debug|ARM
		{143F9F49-6F51-4472-B0BC-346150A86782}.Debug|ARM64.ActiveCfg = Debug|ARM64
		{143F9F49-6F51-4472-B0BC-346150A86782}.Debug|ARM64.Build.0 = Debug|ARM64
		{143F9F49-6F51-4472-B0BC-346150A86782}.Debug|x64.ActiveCfg = Debug|x64
		{143F9F49-6F51-4472-B0BC-346150A86782}.Debug|x64.Build.0 = Debug|x64
		{143F9F49-6F51-4472-B0BC-346150A86782}.Debug|x86.ActiveCfg = Debug|x86
		{143F9F49-6F51-4472-B0BC-346150A86782}.Debug|x86.Build.0 = Debug|x86
		{143F9F49-6F51-4472-B0BC-346150A86782}.Release|Any CPU.ActiveCfg = Release|x86
		{143F9F49-6F51-4472-B0BC-346150A86782}.Release|ARM.ActiveCfg = Release|ARM
		{143F9F49-6F51-4472-B0BC-346150A86782}.Release|ARM.Build.0 = Release|ARM
		{143F9F49-6F51-4472-B0BC-346150A86782}.Release|ARM64.ActiveCfg = Release|ARM64
		{143F9F49-6F51-4472-B0BC-346150A86782}.Release|ARM64.Build.0 = Release|ARM64
		{143F9F49-6F51-4472-B0BC-346150A86782}.Release|x64.ActiveCfg = Release|x64
		{143F9F49-6F51-4472-B0BC-346150A86782}.Release|x64.Build.0 = Release|x64
		{143F9F49-6F51-4472-B0BC-346150A86782}.Release|x86.ActiveCfg = Release|x86
		{143F9F49-6F51-4472-B0BC-346150A86782}.Release|x86.Build.0 = Release|x86
	EndGlobalSection
	GlobalSection(SolutionProperties) = preSolution
		HideSolutionNode = FALSE
	EndGlobalSection
	GlobalSection(NestedProjects) = preSolution
		{BC50A642-6551-4B7F-AA98-3085E99A6B5B} = {008C4B23-425D-49F8-98DB-2A6C14730044}
		{143F9F49-6F51-4472-B0BC-346150A86782} = {008C4B23-425D-49F8-98DB-2A6C14730044}
	EndGlobalSection
	GlobalSection(ExtensibilityGlobals) = postSolution
		SolutionGuid = {5218E676-25D0-40BD-B9EE-5AC3D8CFBD1F}
	EndGlobalSection
EndGlobal
