<?xml version="1.0" encoding="utf-8"?>
<Project ToolsVersion="4.0" xmlns="http://schemas.microsoft.com/developer/msbuild/2003">
  <ItemGroup>
    <Filter Include="src">
      <UniqueIdentifier>{6aadfde7-53d1-47ac-bd95-3675f20f7393}</UniqueIdentifier>
    </Filter>
  </ItemGroup>
  <ItemGroup>
    <ClCompile Include="..\src\agent.cpp">
      <Filter>src</Filter>
    </ClCompile>
    <ClCompile Include="..\src\configfileexception.cpp">
      <Filter>src</Filter>
    </ClCompile>
    <ClCompile Include="..\src\configreader.cpp">
      <Filter>src</Filter>
    </ClCompile>
    <ClCompile Include="..\src\configsaxhandler.cpp">
      <Filter>src</Filter>
    </ClCompile>
    <ClCompile Include="..\src\daemon.cpp">
      <Filter>src</Filter>
    </ClCompile>
    <ClCompile Include="..\src\dhapikeypermissionexception.cpp">
      <Filter>src</Filter>
    </ClCompile>
    <ClCompile Include="..\src\dhapirecordnotfoundexception.cpp">
      <Filter>src</Filter>
    </ClCompile>
    <ClCompile Include="..\src\dhsaxhandler.cpp">
      <Filter>src</Filter>
    </ClCompile>
    <ClCompile Include="..\src\dhxmlreader.cpp">
      <Filter>src</Filter>
    </ClCompile>
    <ClCompile Include="..\src\httpclient.cpp">
      <Filter>src</Filter>
    </ClCompile>
    <ClCompile Include="..\src\httpclientexception.cpp">
      <Filter>src</Filter>
    </ClCompile>
    <ClCompile Include="..\src\malformedxmlexception.cpp">
      <Filter>src</Filter>
    </ClCompile>
    <ClCompile Include="..\src\parameters.cpp">
      <Filter>src</Filter>
    </ClCompile>
    <ClCompile Include="..\src\util.cpp">
      <Filter>src</Filter>
    </ClCompile>
  </ItemGroup>
  <ItemGroup>
    <ClInclude Include="..\src\configfileexception.hpp">
      <Filter>src</Filter>
    </ClInclude>
    <ClInclude Include="..\src\configreader.hpp">
      <Filter>src</Filter>
    </ClInclude>
    <ClInclude Include="..\src\configsaxhandler.hpp">
      <Filter>src</Filter>
    </ClInclude>
    <ClInclude Include="..\src\daemon.hpp">
      <Filter>src</Filter>
    </ClInclude>
    <ClInclude Include="..\src\dhapikeypermissionexception.hpp">
      <Filter>src</Filter>
    </ClInclude>
    <ClInclude Include="..\src\dhapirecordnotfoundexception.hpp">
      <Filter>src</Filter>
    </ClInclude>
    <ClInclude Include="..\src\dhsaxhandler.hpp">
      <Filter>src</Filter>
    </ClInclude>
    <ClInclude Include="..\src\dhxmlreader.hpp">
      <Filter>src</Filter>
    </ClInclude>
    <ClInclude Include="..\src\httpclient.hpp">
      <Filter>src</Filter>
    </ClInclude>
    <ClInclude Include="..\src\httpclientexception.hpp">
      <Filter>src</Filter>
    </ClInclude>
    <ClInclude Include="..\src\malformedxmlexception.hpp">
      <Filter>src</Filter>
    </ClInclude>
    <ClInclude Include="..\src\parameters.hpp">
      <Filter>src</Filter>
    </ClInclude>
    <ClInclude Include="..\src\util.hpp">
      <Filter>src</Filter>
    </ClInclude>
  </ItemGroup>
</Project>